// !$*UTF8*$!
{
	archiveVersion = 1;
	classes = {
	};
	objectVersion = 50;
	objects = {

/* Begin PBXBuildFile section */
		8A6762DE35BBE3CD89278FF8 /* Pods_pogoda.framework in Frameworks */ = {isa = PBXBuildFile; fileRef = E25D446A528BE8AF96F7F712 /* Pods_pogoda.framework */; };
		CE6EC0F224A5E1CD00D485F8 /* AppDelegate.swift in Sources */ = {isa = PBXBuildFile; fileRef = CE6EC0F124A5E1CD00D485F8 /* AppDelegate.swift */; };
		CE6EC0F424A5E1CD00D485F8 /* SceneDelegate.swift in Sources */ = {isa = PBXBuildFile; fileRef = CE6EC0F324A5E1CD00D485F8 /* SceneDelegate.swift */; };
		CE6EC0F624A5E1CD00D485F8 /* ViewController.swift in Sources */ = {isa = PBXBuildFile; fileRef = CE6EC0F524A5E1CD00D485F8 /* ViewController.swift */; };
		CE6EC0F924A5E1CD00D485F8 /* Main.storyboard in Resources */ = {isa = PBXBuildFile; fileRef = CE6EC0F724A5E1CD00D485F8 /* Main.storyboard */; };
		CE6EC0FB24A5E1CF00D485F8 /* Assets.xcassets in Resources */ = {isa = PBXBuildFile; fileRef = CE6EC0FA24A5E1CF00D485F8 /* Assets.xcassets */; };
		CE6EC0FE24A5E1CF00D485F8 /* LaunchScreen.storyboard in Resources */ = {isa = PBXBuildFile; fileRef = CE6EC0FC24A5E1CF00D485F8 /* LaunchScreen.storyboard */; };
		CE6EC10624A5EFAB00D485F8 /* classNumbers.swift in Sources */ = {isa = PBXBuildFile; fileRef = CE6EC10524A5EFAB00D485F8 /* classNumbers.swift */; };
/* End PBXBuildFile section */

/* Begin PBXFileReference section */
		8A6C6CAC5E2D051CDC2B81F4 /* Pods-pogoda.debug.xcconfig */ = {isa = PBXFileReference; includeInIndex = 1; lastKnownFileType = text.xcconfig; name = "Pods-pogoda.debug.xcconfig"; path = "Target Support Files/Pods-pogoda/Pods-pogoda.debug.xcconfig"; sourceTree = "<group>"; };
		AD33AB1544141F649667E798 /* Pods-pogoda.release.xcconfig */ = {isa = PBXFileReference; includeInIndex = 1; lastKnownFileType = text.xcconfig; name = "Pods-pogoda.release.xcconfig"; path = "Target Support Files/Pods-pogoda/Pods-pogoda.release.xcconfig"; sourceTree = "<group>"; };
		CE6EC0EE24A5E1CD00D485F8 /* pogoda.app */ = {isa = PBXFileReference; explicitFileType = wrapper.application; includeInIndex = 0; path = pogoda.app; sourceTree = BUILT_PRODUCTS_DIR; };
		CE6EC0F124A5E1CD00D485F8 /* AppDelegate.swift */ = {isa = PBXFileReference; lastKnownFileType = sourcecode.swift; path = AppDelegate.swift; sourceTree = "<group>"; };
		CE6EC0F324A5E1CD00D485F8 /* SceneDelegate.swift */ = {isa = PBXFileReference; lastKnownFileType = sourcecode.swift; path = SceneDelegate.swift; sourceTree = "<group>"; };
		CE6EC0F524A5E1CD00D485F8 /* ViewController.swift */ = {isa = PBXFileReference; lastKnownFileType = sourcecode.swift; path = ViewController.swift; sourceTree = "<group>"; };
		CE6EC0F824A5E1CD00D485F8 /* Base */ = {isa = PBXFileReference; lastKnownFileType = file.storyboard; name = Base; path = Base.lproj/Main.storyboard; sourceTree = "<group>"; };
		CE6EC0FA24A5E1CF00D485F8 /* Assets.xcassets */ = {isa = PBXFileReference; lastKnownFileType = folder.assetcatalog; path = Assets.xcassets; sourceTree = "<group>"; };
		CE6EC0FD24A5E1CF00D485F8 /* Base */ = {isa = PBXFileReference; lastKnownFileType = file.storyboard; name = Base; path = Base.lproj/LaunchScreen.storyboard; sourceTree = "<group>"; };
		CE6EC0FF24A5E1CF00D485F8 /* Info.plist */ = {isa = PBXFileReference; lastKnownFileType = text.plist.xml; path = Info.plist; sourceTree = "<group>"; };
		CE6EC10524A5EFAB00D485F8 /* classNumbers.swift */ = {isa = PBXFileReference; lastKnownFileType = sourcecode.swift; path = classNumbers.swift; sourceTree = "<group>"; };
		E25D446A528BE8AF96F7F712 /* Pods_pogoda.framework */ = {isa = PBXFileReference; explicitFileType = wrapper.framework; includeInIndex = 0; path = Pods_pogoda.framework; sourceTree = BUILT_PRODUCTS_DIR; };
/* End PBXFileReference section */

/* Begin PBXFrameworksBuildPhase section */
		CE6EC0EB24A5E1CD00D485F8 /* Frameworks */ = {
			isa = PBXFrameworksBuildPhase;
			buildActionMask = 2147483647;
			files = (
				8A6762DE35BBE3CD89278FF8 /* Pods_pogoda.framework in Frameworks */,
			);
			runOnlyForDeploymentPostprocessing = 0;
		};
/* End PBXFrameworksBuildPhase section */

/* Begin PBXGroup section */
		341442B359BEF04F34DFFA78 /* Frameworks */ = {
			isa = PBXGroup;
			children = (
				E25D446A528BE8AF96F7F712 /* Pods_pogoda.framework */,
			);
			name = Frameworks;
			sourceTree = "<group>";
		};
		8699A44DC44865142E00C8D5 /* Pods */ = {
			isa = PBXGroup;
			children = (
				8A6C6CAC5E2D051CDC2B81F4 /* Pods-pogoda.debug.xcconfig */,
				AD33AB1544141F649667E798 /* Pods-pogoda.release.xcconfig */,
			);
			name = Pods;
			path = Pods;
			sourceTree = "<group>";
		};
		CE6EC0E524A5E1CD00D485F8 = {
			isa = PBXGroup;
			children = (
				CE6EC0F024A5E1CD00D485F8 /* pogoda */,
				CE6EC0EF24A5E1CD00D485F8 /* Products */,
				8699A44DC44865142E00C8D5 /* Pods */,
				341442B359BEF04F34DFFA78 /* Frameworks */,
			);
			sourceTree = "<group>";
		};
		CE6EC0EF24A5E1CD00D485F8 /* Products */ = {
			isa = PBXGroup;
			children = (
				CE6EC0EE24A5E1CD00D485F8 /* pogoda.app */,
			);
			name = Products;
			sourceTree = "<group>";
		};
		CE6EC0F024A5E1CD00D485F8 /* pogoda */ = {
			isa = PBXGroup;
			children = (
				CE6EC10524A5EFAB00D485F8 /* classNumbers.swift */,
				CE6EC0F124A5E1CD00D485F8 /* AppDelegate.swift */,
				CE6EC0F324A5E1CD00D485F8 /* SceneDelegate.swift */,
				CE6EC0F524A5E1CD00D485F8 /* ViewController.swift */,
				CE6EC0F724A5E1CD00D485F8 /* Main.storyboard */,
				CE6EC0FA24A5E1CF00D485F8 /* Assets.xcassets */,
				CE6EC0FC24A5E1CF00D485F8 /* LaunchScreen.storyboard */,
				CE6EC0FF24A5E1CF00D485F8 /* Info.plist */,
			);
			path = pogoda;
			sourceTree = "<group>";
		};
/* End PBXGroup section */

/* Begin PBXNativeTarget section */
		CE6EC0ED24A5E1CD00D485F8 /* pogoda */ = {
			isa = PBXNativeTarget;
			buildConfigurationList = CE6EC10224A5E1CF00D485F8 /* Build configuration list for PBXNativeTarget "pogoda" */;
			buildPhases = (
				5D681A58B9A09FA49A4A2F96 /* [CP] Check Pods Manifest.lock */,
				CE6EC0EA24A5E1CD00D485F8 /* Sources */,
				CE6EC0EB24A5E1CD00D485F8 /* Frameworks */,
				CE6EC0EC24A5E1CD00D485F8 /* Resources */,
				A59862108637403A4B33258E /* [CP] Embed Pods Frameworks */,
			);
			buildRules = (
			);
			dependencies = (
			);
			name = pogoda;
			productName = pogoda;
			productReference = CE6EC0EE24A5E1CD00D485F8 /* pogoda.app */;
			productType = "com.apple.product-type.application";
		};
/* End PBXNativeTarget section */

/* Begin PBXProject section */
		CE6EC0E624A5E1CD00D485F8 /* Project object */ = {
			isa = PBXProject;
			attributes = {
				LastSwiftUpdateCheck = 1150;
				LastUpgradeCheck = 1150;
				ORGANIZATIONNAME = "Petkevich Evgeniy";
				TargetAttributes = {
					CE6EC0ED24A5E1CD00D485F8 = {
						CreatedOnToolsVersion = 11.5;
					};
				};
			};
			buildConfigurationList = CE6EC0E924A5E1CD00D485F8 /* Build configuration list for PBXProject "pogoda" */;
			compatibilityVersion = "Xcode 9.3";
			developmentRegion = en;
			hasScannedForEncodings = 0;
			knownRegions = (
				en,
				Base,
			);
			mainGroup = CE6EC0E524A5E1CD00D485F8;
			productRefGroup = CE6EC0EF24A5E1CD00D485F8 /* Products */;
			projectDirPath = "";
			projectRoot = "";
			targets = (
				CE6EC0ED24A5E1CD00D485F8 /* pogoda */,
			);
		};
/* End PBXProject section */

/* Begin PBXResourcesBuildPhase section */
		CE6EC0EC24A5E1CD00D485F8 /* Resources */ = {
			isa = PBXResourcesBuildPhase;
			buildActionMask = 2147483647;
			files = (
				CE6EC0FE24A5E1CF00D485F8 /* LaunchScreen.storyboard in Resources */,
				CE6EC0FB24A5E1CF00D485F8 /* Assets.xcassets in Resources */,
				CE6EC0F924A5E1CD00D485F8 /* Main.storyboard in Resources */,
			);
			runOnlyForDeploymentPostprocessing = 0;
		};
/* End PBXResourcesBuildPhase section */

/* Begin PBXShellScriptBuildPhase section */
		5D681A58B9A09FA49A4A2F96 /* [CP] Check Pods Manifest.lock */ = {
			isa = PBXShellScriptBuildPhase;
			buildActionMask = 2147483647;
			files = (
			);
			inputFileListPaths = (
			);
			inputPaths = (
				"${PODS_PODFILE_DIR_PATH}/Podfile.lock",
				"${PODS_ROOT}/Manifest.lock",
			);
			name = "[CP] Check Pods Manifest.lock";
			outputFileListPaths = (
			);
			outputPaths = (
				"$(DERIVED_FILE_DIR)/Pods-pogoda-checkManifestLockResult.txt",
			);
			runOnlyForDeploymentPostprocessing = 0;
			shellPath = /bin/sh;
			shellScript = "diff \"${PODS_PODFILE_DIR_PATH}/Podfile.lock\" \"${PODS_ROOT}/Manifest.lock\" > /dev/null\nif [ $? != 0 ] ; then\n    # print error to STDERR\n    echo \"error: The sandbox is not in sync with the Podfile.lock. Run 'pod install' or update your CocoaPods installation.\" >&2\n    exit 1\nfi\n# This output is used by Xcode 'outputs' to avoid re-running this script phase.\necho \"SUCCESS\" > \"${SCRIPT_OUTPUT_FILE_0}\"\n";
			showEnvVarsInLog = 0;
		};
		A59862108637403A4B33258E /* [CP] Embed Pods Frameworks */ = {
			isa = PBXShellScriptBuildPhase;
			buildActionMask = 2147483647;
			files = (
			);
			inputFileListPaths = (
				"${PODS_ROOT}/Target Support Files/Pods-pogoda/Pods-pogoda-frameworks-${CONFIGURATION}-input-files.xcfilelist",
			);
			name = "[CP] Embed Pods Frameworks";
			outputFileListPaths = (
				"${PODS_ROOT}/Target Support Files/Pods-pogoda/Pods-pogoda-frameworks-${CONFIGURATION}-output-files.xcfilelist",
			);
			runOnlyForDeploymentPostprocessing = 0;
			shellPath = /bin/sh;
			shellScript = "\"${PODS_ROOT}/Target Support Files/Pods-pogoda/Pods-pogoda-frameworks.sh\"\n";
			showEnvVarsInLog = 0;
		};
/* End PBXShellScriptBuildPhase section */

/* Begin PBXSourcesBuildPhase section */
		CE6EC0EA24A5E1CD00D485F8 /* Sources */ = {
			isa = PBXSourcesBuildPhase;
			buildActionMask = 2147483647;
			files = (
				CE6EC0F624A5E1CD00D485F8 /* ViewController.swift in Sources */,
				CE6EC0F224A5E1CD00D485F8 /* AppDelegate.swift in Sources */,
				CE6EC0F424A5E1CD00D485F8 /* SceneDelegate.swift in Sources */,
				CE6EC10624A5EFAB00D485F8 /* classNumbers.swift in Sources */,
			);
			runOnlyForDeploymentPostprocessing = 0;
		};
/* End PBXSourcesBuildPhase section */

/* Begin PBXVariantGroup section */
		CE6EC0F724A5E1CD00D485F8 /* Main.storyboard */ = {
			isa = PBXVariantGroup;
			children = (
				CE6EC0F824A5E1CD00D485F8 /* Base */,
			);
			name = Main.storyboard;
			sourceTree = "<group>";
		};
		CE6EC0FC24A5E1CF00D485F8 /* LaunchScreen.storyboard */ = {
			isa = PBXVariantGroup;
			children = (
				CE6EC0FD24A5E1CF00D485F8 /* Base */,
			);
			name = LaunchScreen.storyboard;
			sourceTree = "<group>";
		};
/* End PBXVariantGroup section */

/* Begin XCBuildConfiguration section */
		CE6EC10024A5E1CF00D485F8 /* Debug */ = {
			isa = XCBuildConfiguration;
			buildSettings = {
				ALWAYS_SEARCH_USER_PATHS = NO;
				CLANG_ANALYZER_NONNULL = YES;
				CLANG_ANALYZER_NUMBER_OBJECT_CONVERSION = YES_AGGRESSIVE;
				CLANG_CXX_LANGUAGE_STANDARD = "gnu++14";
				CLANG_CXX_LIBRARY = "libc++";
				CLANG_ENABLE_MODULES = YES;
				CLANG_ENABLE_OBJC_ARC = YES;
				CLANG_ENABLE_OBJC_WEAK = YES;
				CLANG_WARN_BLOCK_CAPTURE_AUTORELEASING = YES;
				CLANG_WARN_BOOL_CONVERSION = YES;
				CLANG_WARN_COMMA = YES;
				CLANG_WARN_CONSTANT_CONVERSION = YES;
				CLANG_WARN_DEPRECATED_OBJC_IMPLEMENTATIONS = YES;
				CLANG_WARN_DIRECT_OBJC_ISA_USAGE = YES_ERROR;
				CLANG_WARN_DOCUMENTATION_COMMENTS = YES;
				CLANG_WARN_EMPTY_BODY = YES;
				CLANG_WARN_ENUM_CONVERSION = YES;
				CLANG_WARN_INFINITE_RECURSION = YES;
				CLANG_WARN_INT_CONVERSION = YES;
				CLANG_WARN_NON_LITERAL_NULL_CONVERSION = YES;
				CLANG_WARN_OBJC_IMPLICIT_RETAIN_SELF = YES;
				CLANG_WARN_OBJC_LITERAL_CONVERSION = YES;
				CLANG_WARN_OBJC_ROOT_CLASS = YES_ERROR;
				CLANG_WARN_RANGE_LOOP_ANALYSIS = YES;
				CLANG_WARN_STRICT_PROTOTYPES = YES;
				CLANG_WARN_SUSPICIOUS_MOVE = YES;
				CLANG_WARN_UNGUARDED_AVAILABILITY = YES_AGGRESSIVE;
				CLANG_WARN_UNREACHABLE_CODE = YES;
				CLANG_WARN__DUPLICATE_METHOD_MATCH = YES;
				COPY_PHASE_STRIP = NO;
				DEBUG_INFORMATION_FORMAT = dwarf;
				ENABLE_STRICT_OBJC_MSGSEND = YES;
				ENABLE_TESTABILITY = YES;
				GCC_C_LANGUAGE_STANDARD = gnu11;
				GCC_DYNAMIC_NO_PIC = NO;
				GCC_NO_COMMON_BLOCKS = YES;
				GCC_OPTIMIZATION_LEVEL = 0;
				GCC_PREPROCESSOR_DEFINITIONS = (
					"DEBUG=1",
					"$(inherited)",
				);
				GCC_WARN_64_TO_32_BIT_CONVERSION = YES;
				GCC_WARN_ABOUT_RETURN_TYPE = YES_ERROR;
				GCC_WARN_UNDECLARED_SELECTOR = YES;
				GCC_WARN_UNINITIALIZED_AUTOS = YES_AGGRESSIVE;
				GCC_WARN_UNUSED_FUNCTION = YES;
				GCC_WARN_UNUSED_VARIABLE = YES;
				IPHONEOS_DEPLOYMENT_TARGET = 13.5;
				MTL_ENABLE_DEBUG_INFO = INCLUDE_SOURCE;
				MTL_FAST_MATH = YES;
				ONLY_ACTIVE_ARCH = YES;
				SDKROOT = iphoneos;
				SWIFT_ACTIVE_COMPILATION_CONDITIONS = DEBUG;
				SWIFT_OPTIMIZATION_LEVEL = "-Onone";
			};
			name = Debug;
		};
		CE6EC10124A5E1CF00D485F8 /* Release */ = {
			isa = XCBuildConfiguration;
			buildSettings = {
				ALWAYS_SEARCH_USER_PATHS = NO;
				CLANG_ANALYZER_NONNULL = YES;
				CLANG_ANALYZER_NUMBER_OBJECT_CONVERSION = YES_AGGRESSIVE;
				CLANG_CXX_LANGUAGE_STANDARD = "gnu++14";
				CLANG_CXX_LIBRARY = "libc++";
				CLANG_ENABLE_MODULES = YES;
				CLANG_ENABLE_OBJC_ARC = YES;
				CLANG_ENABLE_OBJC_WEAK = YES;
				CLANG_WARN_BLOCK_CAPTURE_AUTORELEASING = YES;
				CLANG_WARN_BOOL_CONVERSION = YES;
				CLANG_WARN_COMMA = YES;
				CLANG_WARN_CONSTANT_CONVERSION = YES;
				CLANG_WARN_DEPRECATED_OBJC_IMPLEMENTATIONS = YES;
				CLANG_WARN_DIRECT_OBJC_ISA_USAGE = YES_ERROR;
				CLANG_WARN_DOCUMENTATION_COMMENTS = YES;
				CLANG_WARN_EMPTY_BODY = YES;
				CLANG_WARN_ENUM_CONVERSION = YES;
				CLANG_WARN_INFINITE_RECURSION = YES;
				CLANG_WARN_INT_CONVERSION = YES;
				CLANG_WARN_NON_LITERAL_NULL_CONVERSION = YES;
				CLANG_WARN_OBJC_IMPLICIT_RETAIN_SELF = YES;
				CLANG_WARN_OBJC_LITERAL_CONVERSION = YES;
				CLANG_WARN_OBJC_ROOT_CLASS = YES_ERROR;
				CLANG_WARN_RANGE_LOOP_ANALYSIS = YES;
				CLANG_WARN_STRICT_PROTOTYPES = YES;
				CLANG_WARN_SUSPICIOUS_MOVE = YES;
				CLANG_WARN_UNGUARDED_AVAILABILITY = YES_AGGRESSIVE;
				CLANG_WARN_UNREACHABLE_CODE = YES;
				CLANG_WARN__DUPLICATE_METHOD_MATCH = YES;
				COPY_PHASE_STRIP = NO;
				DEBUG_INFORMATION_FORMAT = "dwarf-with-dsym";
				ENABLE_NS_ASSERTIONS = NO;
				ENABLE_STRICT_OBJC_MSGSEND = YES;
				GCC_C_LANGUAGE_STANDARD = gnu11;
				GCC_NO_COMMON_BLOCKS = YES;
				GCC_WARN_64_TO_32_BIT_CONVERSION = YES;
				GCC_WARN_ABOUT_RETURN_TYPE = YES_ERROR;
				GCC_WARN_UNDECLARED_SELECTOR = YES;
				GCC_WARN_UNINITIALIZED_AUTOS = YES_AGGRESSIVE;
				GCC_WARN_UNUSED_FUNCTION = YES;
				GCC_WARN_UNUSED_VARIABLE = YES;
				IPHONEOS_DEPLOYMENT_TARGET = 13.5;
				MTL_ENABLE_DEBUG_INFO = NO;
				MTL_FAST_MATH = YES;
				SDKROOT = iphoneos;
				SWIFT_COMPILATION_MODE = wholemodule;
				SWIFT_OPTIMIZATION_LEVEL = "-O";
				VALIDATE_PRODUCT = YES;
			};
			name = Release;
		};
		CE6EC10324A5E1CF00D485F8 /* Debug */ = {
			isa = XCBuildConfiguration;
			baseConfigurationReference = 8A6C6CAC5E2D051CDC2B81F4 /* Pods-pogoda.debug.xcconfig */;
			buildSettings = {
				ASSETCATALOG_COMPILER_APPICON_NAME = AppIcon;
				CODE_SIGN_STYLE = Automatic;
				DEVELOPMENT_TEAM = ZTJDQQ6V6L;
				INFOPLIST_FILE = pogoda/Info.plist;
				LD_RUNPATH_SEARCH_PATHS = (
					"$(inherited)",
					"@executable_path/Frameworks",
				);
				PRODUCT_BUNDLE_IDENTIFIER = dzr.company.pogoda;
				PRODUCT_NAME = "$(TARGET_NAME)";
				SWIFT_VERSION = 5.0;
				TARGETED_DEVICE_FAMILY = "1,2";
			};
			name = Debug;
		};
		CE6EC10424A5E1CF00D485F8 /* Release */ = {
			isa = XCBuildConfiguration;
			baseConfigurationReference = AD33AB1544141F649667E798 /* Pods-pogoda.release.xcconfig */;
			buildSettings = {
				ASSETCATALOG_COMPILER_APPICON_NAME = AppIcon;
				CODE_SIGN_STYLE = Automatic;
				DEVELOPMENT_TEAM = ZTJDQQ6V6L;
				INFOPLIST_FILE = pogoda/Info.plist;
				LD_RUNPATH_SEARCH_PATHS = (
					"$(inherited)",
					"@executable_path/Frameworks",
				);
				PRODUCT_BUNDLE_IDENTIFIER = dzr.company.pogoda;
				PRODUCT_NAME = "$(TARGET_NAME)";
				SWIFT_VERSION = 5.0;
				TARGETED_DEVICE_FAMILY = "1,2";
			};
			name = Release;
		};
/* End XCBuildConfiguration section */

/* Begin XCConfigurationList section */
		CE6EC0E924A5E1CD00D485F8 /* Build configuration list for PBXProject "pogoda" */ = {
			isa = XCConfigurationList;
			buildConfigurations = (
				CE6EC10024A5E1CF00D485F8 /* Debug */,
				CE6EC10124A5E1CF00D485F8 /* Release */,
			);
			defaultConfigurationIsVisible = 0;
			defaultConfigurationName = Release;
		};
		CE6EC10224A5E1CF00D485F8 /* Build configuration list for PBXNativeTarget "pogoda" */ = {
			isa = XCConfigurationList;
			buildConfigurations = (
				CE6EC10324A5E1CF00D485F8 /* Debug */,
				CE6EC10424A5E1CF00D485F8 /* Release */,
			);
			defaultConfigurationIsVisible = 0;
			defaultConfigurationName = Release;
		};
/* End XCConfigurationList section */
	};
	rootObject = CE6EC0E624A5E1CD00D485F8 /* Project object */;
}
